
Microsoft Visual Studio Solution File, Format Version 12.00
# Visual Studio Version 17
VisualStudioVersion = 17.13.35931.197 d17.13
MinimumVisualStudioVersion = 10.0.40219.1
Project("{FAE04EC0-301F-11D3-BF4B-00C04F79EFBC}") = "The Movies", "The Movies.csproj", "{4533D5C9-1DCF-498F-B390-764B52BE03B9}"
EndProject
Global
	GlobalSection(SolutionConfigurationPlatforms) = preSolution
		Debug|Any CPU = Debug|Any CPU
		Release|Any CPU = Release|Any CPU
	EndGlobalSection
	GlobalSection(ProjectConfigurationPlatforms) = postSolution
		{4533D5C9-1DCF-498F-B390-764B52BE03B9}.Debug|Any CPU.ActiveCfg = Debug|Any CPU
		{4533D5C9-1DCF-498F-B390-764B52BE03B9}.Debug|Any CPU.Build.0 = Debug|Any CPU
		{4533D5C9-1DCF-498F-B390-764B52BE03B9}.Release|Any CPU.ActiveCfg = Release|Any CPU
		{4533D5C9-1DCF-498F-B390-764B52BE03B9}.Release|Any CPU.Build.0 = Release|Any CPU
	EndGlobalSection
	GlobalSection(SolutionProperties) = preSolution
		HideSolutionNode = FALSE
	EndGlobalSection
	GlobalSection(ExtensibilityGlobals) = postSolution
		SolutionGuid = {B46529F2-B9AC-4EBF-A102-7671FDA851FB}
	EndGlobalSection
EndGlobal
